
Microsoft Visual Studio Solution File, Format Version 12.00
# Visual Studio 2013
VisualStudioVersion = 12.0.30501.0
MinimumVisualStudioVersion = 10.0.40219.1
Project("{2150E333-8FDC-42A3-9474-1A3956D46DE8}") = "Blocks", "Blocks", "{2F0DBBB8-D06C-49B7-9F16-2FB28B4A6E49}"
EndProject
Project("{FAE04EC0-301F-11D3-BF4B-00C04F79EFBC}") = "Blocks.Core", "..\..\Modules\Blocks\Source\Blocks.Core\Blocks.Core.csproj", "{2821349E-6F6F-4C57-A9D1-E5B96C418C76}"
EndProject
Project("{FAE04EC0-301F-11D3-BF4B-00C04F79EFBC}") = "Blocks.WindowsService", "..\..\Modules\Blocks\Source\Blocks.WindowsService\Blocks.WindowsService.csproj", "{4D7270C7-756F-48C3-A607-52D7B9493209}"
EndProject
Project("{FAE04EC0-301F-11D3-BF4B-00C04F79EFBC}") = "Blocks.Nancy.Selfhost", "..\..\Modules\Blocks\Source\Blocks.Nancy.Selfhost\Blocks.Nancy.Selfhost.csproj", "{0CFC86EF-4E1A-4FF0-86E5-FEFF2160B129}"
EndProject
Project("{FAE04EC0-301F-11D3-BF4B-00C04F79EFBC}") = "PowerUps.MicroServices.PushoverFacade", "..\Code\PowerUps.MicroServices.PushoverFacade\PowerUps.MicroServices.PushoverFacade.csproj", "{2C886D59-CA1B-4F4F-BB45-762E563E0E4F}"
EndProject
Project("{2150E333-8FDC-42A3-9474-1A3956D46DE8}") = ".nuget", ".nuget", "{E98A3766-9697-486D-BAAC-DD7108694D3B}"
	ProjectSection(SolutionItems) = preProject
		.nuget\NuGet.Config = .nuget\NuGet.Config
		.nuget\NuGet.exe = .nuget\NuGet.exe
		.nuget\NuGet.targets = .nuget\NuGet.targets
	EndProjectSection
EndProject
Project("{2150E333-8FDC-42A3-9474-1A3956D46DE8}") = "Tests", "Tests", "{896B7511-BC40-4260-81F5-1454D637B602}"
EndProject
Project("{FAE04EC0-301F-11D3-BF4B-00C04F79EFBC}") = "Blocks.Messaging", "..\..\Modules\Blocks\Source\Blocks.Messaging\Blocks.Messaging.csproj", "{EB4E738B-4513-4C41-827A-0CBD82CF9CA9}"
EndProject
Project("{FAE04EC0-301F-11D3-BF4B-00C04F79EFBC}") = "Blocks.Test.Messaging", "..\..\Modules\Blocks\Source\Blocks.Test.Messaging\Blocks.Test.Messaging.csproj", "{86CA5693-B291-4998-A99E-A68A627F8230}"
EndProject
Project("{FAE04EC0-301F-11D3-BF4B-00C04F79EFBC}") = "PowerUps.Test.MicroServices.PushoverFacade", "..\Code\PowerUps.Test.MicroServices.PushoverFacade\PowerUps.Test.MicroServices.PushoverFacade.csproj", "{D7214F80-6C3D-4143-A491-5DA2450ADD53}"
EndProject
Project("{FAE04EC0-301F-11D3-BF4B-00C04F79EFBC}") = "Blocks.TestHelpers", "..\..\Modules\Blocks\Source\Blocks.TestHelpers\Blocks.TestHelpers.csproj", "{D922C83F-E5DC-46E6-B33F-F9AF5FD542BF}"
EndProject
Project("{FAE04EC0-301F-11D3-BF4B-00C04F79EFBC}") = "Blocks.Test.Core", "..\..\Modules\Blocks\Source\Blocks.Test.Core\Blocks.Test.Core.csproj", "{C3862497-1217-44E1-9594-D449C9936A6D}"
EndProject
Project("{FAE04EC0-301F-11D3-BF4B-00C04F79EFBC}") = "Blocks.Persistence", "..\..\Modules\Blocks\Source\Blocks.Persistence\Blocks.Persistence.csproj", "{10D1CF57-3269-42AB-82BD-F5AB8F50C61A}"
EndProject
Project("{FAE04EC0-301F-11D3-BF4B-00C04F79EFBC}") = "Blocks.Core.LogEngines.SeriLog", "..\..\Modules\Blocks\Source\Blocks.Core.LogEngines.SeriLog\Blocks.Core.LogEngines.SeriLog.csproj", "{55A23A30-A597-4A75-94C3-19941A5761C4}"
EndProject
Project("{FAE04EC0-301F-11D3-BF4B-00C04F79EFBC}") = "PowerUps.MicroServices.Core", "..\Code\PowerUps.MicroServices.Core\PowerUps.MicroServices.Core.csproj", "{1A8B4911-EB95-4EAB-A6A7-D46AF45A5FB8}"
EndProject
Project("{2150E333-8FDC-42A3-9474-1A3956D46DE8}") = "Tests", "Tests", "{99B68542-7F45-47E8-9D24-2C7549339EF9}"
EndProject
Project("{FAE04EC0-301F-11D3-BF4B-00C04F79EFBC}") = "PowerUps.MicroServices.NotificationsHub", "..\Code\PowerUps.MicroServices.NotificationsHub\PowerUps.MicroServices.NotificationsHub.csproj", "{76E2799E-F5BC-4BBF-83AA-156A9B5E4FBA}"
EndProject
Project("{FAE04EC0-301F-11D3-BF4B-00C04F79EFBC}") = "PowerUps.MicroServices.LogEnricher", "..\Code\PowerUps.MicroServices.LogEnricher\PowerUps.MicroServices.LogEnricher.csproj", "{B2D2DB72-88FA-4722-A73D-83EE3AD37BDD}"
EndProject
Global
	GlobalSection(SolutionConfigurationPlatforms) = preSolution
		Debug|Any CPU = Debug|Any CPU
		Release|Any CPU = Release|Any CPU
	EndGlobalSection
	GlobalSection(ProjectConfigurationPlatforms) = postSolution
		{2821349E-6F6F-4C57-A9D1-E5B96C418C76}.Debug|Any CPU.ActiveCfg = Debug|Any CPU
		{2821349E-6F6F-4C57-A9D1-E5B96C418C76}.Debug|Any CPU.Build.0 = Debug|Any CPU
		{2821349E-6F6F-4C57-A9D1-E5B96C418C76}.Release|Any CPU.ActiveCfg = Release|Any CPU
		{2821349E-6F6F-4C57-A9D1-E5B96C418C76}.Release|Any CPU.Build.0 = Release|Any CPU
		{4D7270C7-756F-48C3-A607-52D7B9493209}.Debug|Any CPU.ActiveCfg = Debug|Any CPU
		{4D7270C7-756F-48C3-A607-52D7B9493209}.Debug|Any CPU.Build.0 = Debug|Any CPU
		{4D7270C7-756F-48C3-A607-52D7B9493209}.Release|Any CPU.ActiveCfg = Release|Any CPU
		{4D7270C7-756F-48C3-A607-52D7B9493209}.Release|Any CPU.Build.0 = Release|Any CPU
		{0CFC86EF-4E1A-4FF0-86E5-FEFF2160B129}.Debug|Any CPU.ActiveCfg = Debug|Any CPU
		{0CFC86EF-4E1A-4FF0-86E5-FEFF2160B129}.Debug|Any CPU.Build.0 = Debug|Any CPU
		{0CFC86EF-4E1A-4FF0-86E5-FEFF2160B129}.Release|Any CPU.ActiveCfg = Release|Any CPU
		{0CFC86EF-4E1A-4FF0-86E5-FEFF2160B129}.Release|Any CPU.Build.0 = Release|Any CPU
		{2C886D59-CA1B-4F4F-BB45-762E563E0E4F}.Debug|Any CPU.ActiveCfg = Debug|Any CPU
		{2C886D59-CA1B-4F4F-BB45-762E563E0E4F}.Debug|Any CPU.Build.0 = Debug|Any CPU
		{2C886D59-CA1B-4F4F-BB45-762E563E0E4F}.Release|Any CPU.ActiveCfg = Release|Any CPU
		{2C886D59-CA1B-4F4F-BB45-762E563E0E4F}.Release|Any CPU.Build.0 = Release|Any CPU
		{EB4E738B-4513-4C41-827A-0CBD82CF9CA9}.Debug|Any CPU.ActiveCfg = Debug|Any CPU
		{EB4E738B-4513-4C41-827A-0CBD82CF9CA9}.Debug|Any CPU.Build.0 = Debug|Any CPU
		{EB4E738B-4513-4C41-827A-0CBD82CF9CA9}.Release|Any CPU.ActiveCfg = Release|Any CPU
		{EB4E738B-4513-4C41-827A-0CBD82CF9CA9}.Release|Any CPU.Build.0 = Release|Any CPU
		{86CA5693-B291-4998-A99E-A68A627F8230}.Debug|Any CPU.ActiveCfg = Debug|Any CPU
		{86CA5693-B291-4998-A99E-A68A627F8230}.Debug|Any CPU.Build.0 = Debug|Any CPU
		{86CA5693-B291-4998-A99E-A68A627F8230}.Release|Any CPU.ActiveCfg = Release|Any CPU
		{86CA5693-B291-4998-A99E-A68A627F8230}.Release|Any CPU.Build.0 = Release|Any CPU
		{D7214F80-6C3D-4143-A491-5DA2450ADD53}.Debug|Any CPU.ActiveCfg = Debug|Any CPU
		{D7214F80-6C3D-4143-A491-5DA2450ADD53}.Debug|Any CPU.Build.0 = Debug|Any CPU
		{D7214F80-6C3D-4143-A491-5DA2450ADD53}.Release|Any CPU.ActiveCfg = Release|Any CPU
		{D7214F80-6C3D-4143-A491-5DA2450ADD53}.Release|Any CPU.Build.0 = Release|Any CPU
		{D922C83F-E5DC-46E6-B33F-F9AF5FD542BF}.Debug|Any CPU.ActiveCfg = Debug|Any CPU
		{D922C83F-E5DC-46E6-B33F-F9AF5FD542BF}.Debug|Any CPU.Build.0 = Debug|Any CPU
		{D922C83F-E5DC-46E6-B33F-F9AF5FD542BF}.Release|Any CPU.ActiveCfg = Release|Any CPU
		{D922C83F-E5DC-46E6-B33F-F9AF5FD542BF}.Release|Any CPU.Build.0 = Release|Any CPU
		{C3862497-1217-44E1-9594-D449C9936A6D}.Debug|Any CPU.ActiveCfg = Debug|Any CPU
		{C3862497-1217-44E1-9594-D449C9936A6D}.Debug|Any CPU.Build.0 = Debug|Any CPU
		{C3862497-1217-44E1-9594-D449C9936A6D}.Release|Any CPU.ActiveCfg = Release|Any CPU
		{C3862497-1217-44E1-9594-D449C9936A6D}.Release|Any CPU.Build.0 = Release|Any CPU
		{10D1CF57-3269-42AB-82BD-F5AB8F50C61A}.Debug|Any CPU.ActiveCfg = Debug|Any CPU
		{10D1CF57-3269-42AB-82BD-F5AB8F50C61A}.Debug|Any CPU.Build.0 = Debug|Any CPU
		{10D1CF57-3269-42AB-82BD-F5AB8F50C61A}.Release|Any CPU.ActiveCfg = Release|Any CPU
		{10D1CF57-3269-42AB-82BD-F5AB8F50C61A}.Release|Any CPU.Build.0 = Release|Any CPU
		{55A23A30-A597-4A75-94C3-19941A5761C4}.Debug|Any CPU.ActiveCfg = Debug|Any CPU
		{55A23A30-A597-4A75-94C3-19941A5761C4}.Debug|Any CPU.Build.0 = Debug|Any CPU
		{55A23A30-A597-4A75-94C3-19941A5761C4}.Release|Any CPU.ActiveCfg = Release|Any CPU
		{55A23A30-A597-4A75-94C3-19941A5761C4}.Release|Any CPU.Build.0 = Release|Any CPU
		{1A8B4911-EB95-4EAB-A6A7-D46AF45A5FB8}.Debug|Any CPU.ActiveCfg = Debug|Any CPU
		{1A8B4911-EB95-4EAB-A6A7-D46AF45A5FB8}.Debug|Any CPU.Build.0 = Debug|Any CPU
		{1A8B4911-EB95-4EAB-A6A7-D46AF45A5FB8}.Release|Any CPU.ActiveCfg = Release|Any CPU
		{1A8B4911-EB95-4EAB-A6A7-D46AF45A5FB8}.Release|Any CPU.Build.0 = Release|Any CPU
		{76E2799E-F5BC-4BBF-83AA-156A9B5E4FBA}.Debug|Any CPU.ActiveCfg = Debug|Any CPU
		{76E2799E-F5BC-4BBF-83AA-156A9B5E4FBA}.Debug|Any CPU.Build.0 = Debug|Any CPU
		{76E2799E-F5BC-4BBF-83AA-156A9B5E4FBA}.Release|Any CPU.ActiveCfg = Release|Any CPU
		{76E2799E-F5BC-4BBF-83AA-156A9B5E4FBA}.Release|Any CPU.Build.0 = Release|Any CPU
		{B2D2DB72-88FA-4722-A73D-83EE3AD37BDD}.Debug|Any CPU.ActiveCfg = Debug|Any CPU
		{B2D2DB72-88FA-4722-A73D-83EE3AD37BDD}.Debug|Any CPU.Build.0 = Debug|Any CPU
		{B2D2DB72-88FA-4722-A73D-83EE3AD37BDD}.Release|Any CPU.ActiveCfg = Release|Any CPU
		{B2D2DB72-88FA-4722-A73D-83EE3AD37BDD}.Release|Any CPU.Build.0 = Release|Any CPU
	EndGlobalSection
	GlobalSection(SolutionProperties) = preSolution
		HideSolutionNode = FALSE
	EndGlobalSection
	GlobalSection(NestedProjects) = preSolution
		{2821349E-6F6F-4C57-A9D1-E5B96C418C76} = {2F0DBBB8-D06C-49B7-9F16-2FB28B4A6E49}
		{4D7270C7-756F-48C3-A607-52D7B9493209} = {2F0DBBB8-D06C-49B7-9F16-2FB28B4A6E49}
		{0CFC86EF-4E1A-4FF0-86E5-FEFF2160B129} = {2F0DBBB8-D06C-49B7-9F16-2FB28B4A6E49}
		{896B7511-BC40-4260-81F5-1454D637B602} = {2F0DBBB8-D06C-49B7-9F16-2FB28B4A6E49}
		{EB4E738B-4513-4C41-827A-0CBD82CF9CA9} = {2F0DBBB8-D06C-49B7-9F16-2FB28B4A6E49}
		{86CA5693-B291-4998-A99E-A68A627F8230} = {896B7511-BC40-4260-81F5-1454D637B602}
		{D7214F80-6C3D-4143-A491-5DA2450ADD53} = {99B68542-7F45-47E8-9D24-2C7549339EF9}
		{D922C83F-E5DC-46E6-B33F-F9AF5FD542BF} = {2F0DBBB8-D06C-49B7-9F16-2FB28B4A6E49}
		{C3862497-1217-44E1-9594-D449C9936A6D} = {896B7511-BC40-4260-81F5-1454D637B602}
		{10D1CF57-3269-42AB-82BD-F5AB8F50C61A} = {2F0DBBB8-D06C-49B7-9F16-2FB28B4A6E49}
		{55A23A30-A597-4A75-94C3-19941A5761C4} = {2F0DBBB8-D06C-49B7-9F16-2FB28B4A6E49}
	EndGlobalSection
EndGlobal
